
Microsoft Visual Studio Solution File, Format Version 12.00
# Visual Studio Version 16
VisualStudioVersion = 16.0.29926.136
MinimumVisualStudioVersion = 10.0.40219.1
Project("{FAE04EC0-301F-11D3-BF4B-00C04F79EFBC}") = "Calculator", "Calculator\Calculator.csproj", "{2B110248-6065-4C97-B791-8E774F07C84A}"
EndProject
Project("{FAE04EC0-301F-11D3-BF4B-00C04F79EFBC}") = "Calculator.UnitTests", "Calculator.UnitTests\Calculator.UnitTests.csproj", "{584B46F6-DBDC-41E8-815F-A880F7B0214E}"
EndProject
Project("{FAE04EC0-301F-11D3-BF4B-00C04F79EFBC}") = "LoggingCalculatorWorker.Tests", "LoggingCalculatorWorker.Tests\LoggingCalculatorWorker.Tests.csproj", "{3472A8A6-9F3A-44B6-A845-5827912D6DE7}"
EndProject
Global
	GlobalSection(SolutionConfigurationPlatforms) = preSolution
		Debug|Any CPU = Debug|Any CPU
		Release|Any CPU = Release|Any CPU
	EndGlobalSection
	GlobalSection(ProjectConfigurationPlatforms) = postSolution
		{2B110248-6065-4C97-B791-8E774F07C84A}.Debug|Any CPU.ActiveCfg = Debug|Any CPU
		{2B110248-6065-4C97-B791-8E774F07C84A}.Debug|Any CPU.Build.0 = Debug|Any CPU
		{2B110248-6065-4C97-B791-8E774F07C84A}.Release|Any CPU.ActiveCfg = Release|Any CPU
		{2B110248-6065-4C97-B791-8E774F07C84A}.Release|Any CPU.Build.0 = Release|Any CPU
		{584B46F6-DBDC-41E8-815F-A880F7B0214E}.Debug|Any CPU.ActiveCfg = Debug|Any CPU
		{584B46F6-DBDC-41E8-815F-A880F7B0214E}.Debug|Any CPU.Build.0 = Debug|Any CPU
		{584B46F6-DBDC-41E8-815F-A880F7B0214E}.Release|Any CPU.ActiveCfg = Release|Any CPU
		{584B46F6-DBDC-41E8-815F-A880F7B0214E}.Release|Any CPU.Build.0 = Release|Any CPU
		{3472A8A6-9F3A-44B6-A845-5827912D6DE7}.Debug|Any CPU.ActiveCfg = Debug|Any CPU
		{3472A8A6-9F3A-44B6-A845-5827912D6DE7}.Debug|Any CPU.Build.0 = Debug|Any CPU
		{3472A8A6-9F3A-44B6-A845-5827912D6DE7}.Release|Any CPU.ActiveCfg = Release|Any CPU
		{3472A8A6-9F3A-44B6-A845-5827912D6DE7}.Release|Any CPU.Build.0 = Release|Any CPU
	EndGlobalSection
	GlobalSection(SolutionProperties) = preSolution
		HideSolutionNode = FALSE
	EndGlobalSection
	GlobalSection(ExtensibilityGlobals) = postSolution
		SolutionGuid = {0B0F963D-6546-4780-8987-4EC8E1B414FA}
	EndGlobalSection
EndGlobal
